
Microsoft Visual Studio Solution File, Format Version 12.00
# Visual Studio Version 17
VisualStudioVersion = 17.7.34024.191
MinimumVisualStudioVersion = 10.0.40219.1
Project("{FAE04EC0-301F-11D3-BF4B-00C04F79EFBC}") = "T1", "T1\T1.csproj", "{A062214E-64BC-4DAB-BDA5-2FAB04C6D469}"
EndProject
Global
	GlobalSection(SolutionConfigurationPlatforms) = preSolution
		Debug|Any CPU = Debug|Any CPU
		Release|Any CPU = Release|Any CPU
	EndGlobalSection
	GlobalSection(ProjectConfigurationPlatforms) = postSolution
		{A062214E-64BC-4DAB-BDA5-2FAB04C6D469}.Debug|Any CPU.ActiveCfg = Debug|Any CPU
		{A062214E-64BC-4DAB-BDA5-2FAB04C6D469}.Debug|Any CPU.Build.0 = Debug|Any CPU
		{A062214E-64BC-4DAB-BDA5-2FAB04C6D469}.Release|Any CPU.ActiveCfg = Release|Any CPU
		{A062214E-64BC-4DAB-BDA5-2FAB04C6D469}.Release|Any CPU.Build.0 = Release|Any CPU
	EndGlobalSection
	GlobalSection(SolutionProperties) = preSolution
		HideSolutionNode = FALSE
	EndGlobalSection
	GlobalSection(ExtensibilityGlobals) = postSolution
		SolutionGuid = {AED27F1E-0270-4EF7-B4D3-B2DF98F5CF84}
	EndGlobalSection
EndGlobal
