
Microsoft Visual Studio Solution File, Format Version 12.00
# Visual Studio Version 17
VisualStudioVersion = 17.7.34024.191
MinimumVisualStudioVersion = 10.0.40219.1
Project("{FAE04EC0-301F-11D3-BF4B-00C04F79EFBC}") = "T16", "T16\T16.csproj", "{4F16FAE0-5B7E-46A5-9E8D-FBDAC2E54171}"
EndProject
Global
	GlobalSection(SolutionConfigurationPlatforms) = preSolution
		Debug|Any CPU = Debug|Any CPU
		Release|Any CPU = Release|Any CPU
	EndGlobalSection
	GlobalSection(ProjectConfigurationPlatforms) = postSolution
		{4F16FAE0-5B7E-46A5-9E8D-FBDAC2E54171}.Debug|Any CPU.ActiveCfg = Debug|Any CPU
		{4F16FAE0-5B7E-46A5-9E8D-FBDAC2E54171}.Debug|Any CPU.Build.0 = Debug|Any CPU
		{4F16FAE0-5B7E-46A5-9E8D-FBDAC2E54171}.Release|Any CPU.ActiveCfg = Release|Any CPU
		{4F16FAE0-5B7E-46A5-9E8D-FBDAC2E54171}.Release|Any CPU.Build.0 = Release|Any CPU
	EndGlobalSection
	GlobalSection(SolutionProperties) = preSolution
		HideSolutionNode = FALSE
	EndGlobalSection
	GlobalSection(ExtensibilityGlobals) = postSolution
		SolutionGuid = {BF4E5F9C-A4A4-4EC1-AA0F-B7A0F82BB08B}
	EndGlobalSection
EndGlobal
