
Microsoft Visual Studio Solution File, Format Version 12.00
# Visual Studio Version 17
VisualStudioVersion = 17.7.34024.191
MinimumVisualStudioVersion = 10.0.40219.1
Project("{FAE04EC0-301F-11D3-BF4B-00C04F79EFBC}") = "T12", "T12\T12.csproj", "{7779F7FE-87F1-4342-9031-D755C1D96EA1}"
EndProject
Global
	GlobalSection(SolutionConfigurationPlatforms) = preSolution
		Debug|Any CPU = Debug|Any CPU
		Release|Any CPU = Release|Any CPU
	EndGlobalSection
	GlobalSection(ProjectConfigurationPlatforms) = postSolution
		{7779F7FE-87F1-4342-9031-D755C1D96EA1}.Debug|Any CPU.ActiveCfg = Debug|Any CPU
		{7779F7FE-87F1-4342-9031-D755C1D96EA1}.Debug|Any CPU.Build.0 = Debug|Any CPU
		{7779F7FE-87F1-4342-9031-D755C1D96EA1}.Release|Any CPU.ActiveCfg = Release|Any CPU
		{7779F7FE-87F1-4342-9031-D755C1D96EA1}.Release|Any CPU.Build.0 = Release|Any CPU
	EndGlobalSection
	GlobalSection(SolutionProperties) = preSolution
		HideSolutionNode = FALSE
	EndGlobalSection
	GlobalSection(ExtensibilityGlobals) = postSolution
		SolutionGuid = {AF50FE2A-B24E-492B-8D3B-A8503C72A509}
	EndGlobalSection
EndGlobal
