
Microsoft Visual Studio Solution File, Format Version 12.00
# Visual Studio Version 17
VisualStudioVersion = 17.7.34024.191
MinimumVisualStudioVersion = 10.0.40219.1
Project("{FAE04EC0-301F-11D3-BF4B-00C04F79EFBC}") = "T6", "T6.csproj", "{EBD75052-3F5B-43C1-A193-7CC9F5260CCF}"
EndProject
Global
	GlobalSection(SolutionConfigurationPlatforms) = preSolution
		Debug|Any CPU = Debug|Any CPU
		Release|Any CPU = Release|Any CPU
	EndGlobalSection
	GlobalSection(ProjectConfigurationPlatforms) = postSolution
		{EBD75052-3F5B-43C1-A193-7CC9F5260CCF}.Debug|Any CPU.ActiveCfg = Debug|Any CPU
		{EBD75052-3F5B-43C1-A193-7CC9F5260CCF}.Debug|Any CPU.Build.0 = Debug|Any CPU
		{EBD75052-3F5B-43C1-A193-7CC9F5260CCF}.Release|Any CPU.ActiveCfg = Release|Any CPU
		{EBD75052-3F5B-43C1-A193-7CC9F5260CCF}.Release|Any CPU.Build.0 = Release|Any CPU
	EndGlobalSection
	GlobalSection(SolutionProperties) = preSolution
		HideSolutionNode = FALSE
	EndGlobalSection
	GlobalSection(ExtensibilityGlobals) = postSolution
		SolutionGuid = {E3AB1BF2-3D53-4149-B745-BE790340337C}
	EndGlobalSection
EndGlobal
