
Microsoft Visual Studio Solution File, Format Version 12.00
# Visual Studio Version 17
VisualStudioVersion = 17.7.34024.191
MinimumVisualStudioVersion = 10.0.40219.1
Project("{FAE04EC0-301F-11D3-BF4B-00C04F79EFBC}") = "T24", "T24\T24.csproj", "{53BBDD47-89E8-4DFB-91DF-FC49EA3BF0AA}"
EndProject
Global
	GlobalSection(SolutionConfigurationPlatforms) = preSolution
		Debug|Any CPU = Debug|Any CPU
		Release|Any CPU = Release|Any CPU
	EndGlobalSection
	GlobalSection(ProjectConfigurationPlatforms) = postSolution
		{53BBDD47-89E8-4DFB-91DF-FC49EA3BF0AA}.Debug|Any CPU.ActiveCfg = Debug|Any CPU
		{53BBDD47-89E8-4DFB-91DF-FC49EA3BF0AA}.Debug|Any CPU.Build.0 = Debug|Any CPU
		{53BBDD47-89E8-4DFB-91DF-FC49EA3BF0AA}.Release|Any CPU.ActiveCfg = Release|Any CPU
		{53BBDD47-89E8-4DFB-91DF-FC49EA3BF0AA}.Release|Any CPU.Build.0 = Release|Any CPU
	EndGlobalSection
	GlobalSection(SolutionProperties) = preSolution
		HideSolutionNode = FALSE
	EndGlobalSection
	GlobalSection(ExtensibilityGlobals) = postSolution
		SolutionGuid = {F65B9A9B-8715-4B34-B9F8-EAFB17F52826}
	EndGlobalSection
EndGlobal
