
Microsoft Visual Studio Solution File, Format Version 12.00
# Visual Studio Version 17
VisualStudioVersion = 17.7.34024.191
MinimumVisualStudioVersion = 10.0.40219.1
Project("{FAE04EC0-301F-11D3-BF4B-00C04F79EFBC}") = "T39", "T39\T39.csproj", "{193565AC-55FF-4A0F-A7D8-DCD5FD75EB07}"
EndProject
Global
	GlobalSection(SolutionConfigurationPlatforms) = preSolution
		Debug|Any CPU = Debug|Any CPU
		Release|Any CPU = Release|Any CPU
	EndGlobalSection
	GlobalSection(ProjectConfigurationPlatforms) = postSolution
		{193565AC-55FF-4A0F-A7D8-DCD5FD75EB07}.Debug|Any CPU.ActiveCfg = Debug|Any CPU
		{193565AC-55FF-4A0F-A7D8-DCD5FD75EB07}.Debug|Any CPU.Build.0 = Debug|Any CPU
		{193565AC-55FF-4A0F-A7D8-DCD5FD75EB07}.Release|Any CPU.ActiveCfg = Release|Any CPU
		{193565AC-55FF-4A0F-A7D8-DCD5FD75EB07}.Release|Any CPU.Build.0 = Release|Any CPU
	EndGlobalSection
	GlobalSection(SolutionProperties) = preSolution
		HideSolutionNode = FALSE
	EndGlobalSection
	GlobalSection(ExtensibilityGlobals) = postSolution
		SolutionGuid = {CBE207F4-5269-4274-93BF-CB7D0C6A39E9}
	EndGlobalSection
EndGlobal
