
Microsoft Visual Studio Solution File, Format Version 12.00
# Visual Studio Version 17
VisualStudioVersion = 17.7.34024.191
MinimumVisualStudioVersion = 10.0.40219.1
Project("{FAE04EC0-301F-11D3-BF4B-00C04F79EFBC}") = "T41", "T41\T41.csproj", "{5114C497-F10D-4DB8-8C9A-EA73BFF133F5}"
EndProject
Global
	GlobalSection(SolutionConfigurationPlatforms) = preSolution
		Debug|Any CPU = Debug|Any CPU
		Release|Any CPU = Release|Any CPU
	EndGlobalSection
	GlobalSection(ProjectConfigurationPlatforms) = postSolution
		{5114C497-F10D-4DB8-8C9A-EA73BFF133F5}.Debug|Any CPU.ActiveCfg = Debug|Any CPU
		{5114C497-F10D-4DB8-8C9A-EA73BFF133F5}.Debug|Any CPU.Build.0 = Debug|Any CPU
		{5114C497-F10D-4DB8-8C9A-EA73BFF133F5}.Release|Any CPU.ActiveCfg = Release|Any CPU
		{5114C497-F10D-4DB8-8C9A-EA73BFF133F5}.Release|Any CPU.Build.0 = Release|Any CPU
	EndGlobalSection
	GlobalSection(SolutionProperties) = preSolution
		HideSolutionNode = FALSE
	EndGlobalSection
	GlobalSection(ExtensibilityGlobals) = postSolution
		SolutionGuid = {C6CA7F30-A3BB-4B63-9928-81AA91C3B349}
	EndGlobalSection
EndGlobal
