
Microsoft Visual Studio Solution File, Format Version 12.00
# Visual Studio Version 17
VisualStudioVersion = 17.7.34024.191
MinimumVisualStudioVersion = 10.0.40219.1
Project("{FAE04EC0-301F-11D3-BF4B-00C04F79EFBC}") = "T32", "T32\T32.csproj", "{87688E31-78D0-4A1D-933E-3821C5CE4850}"
EndProject
Global
	GlobalSection(SolutionConfigurationPlatforms) = preSolution
		Debug|Any CPU = Debug|Any CPU
		Release|Any CPU = Release|Any CPU
	EndGlobalSection
	GlobalSection(ProjectConfigurationPlatforms) = postSolution
		{87688E31-78D0-4A1D-933E-3821C5CE4850}.Debug|Any CPU.ActiveCfg = Debug|Any CPU
		{87688E31-78D0-4A1D-933E-3821C5CE4850}.Debug|Any CPU.Build.0 = Debug|Any CPU
		{87688E31-78D0-4A1D-933E-3821C5CE4850}.Release|Any CPU.ActiveCfg = Release|Any CPU
		{87688E31-78D0-4A1D-933E-3821C5CE4850}.Release|Any CPU.Build.0 = Release|Any CPU
	EndGlobalSection
	GlobalSection(SolutionProperties) = preSolution
		HideSolutionNode = FALSE
	EndGlobalSection
	GlobalSection(ExtensibilityGlobals) = postSolution
		SolutionGuid = {C7CFA0FE-81E8-4B74-9C9C-E7F2A92D8003}
	EndGlobalSection
EndGlobal
