
Microsoft Visual Studio Solution File, Format Version 12.00
# Visual Studio Version 17
VisualStudioVersion = 17.7.34024.191
MinimumVisualStudioVersion = 10.0.40219.1
Project("{FAE04EC0-301F-11D3-BF4B-00C04F79EFBC}") = "T40", "T40\T40.csproj", "{4CD9FE4A-2DA3-4795-A10E-D9DBF74D9266}"
EndProject
Global
	GlobalSection(SolutionConfigurationPlatforms) = preSolution
		Debug|Any CPU = Debug|Any CPU
		Release|Any CPU = Release|Any CPU
	EndGlobalSection
	GlobalSection(ProjectConfigurationPlatforms) = postSolution
		{4CD9FE4A-2DA3-4795-A10E-D9DBF74D9266}.Debug|Any CPU.ActiveCfg = Debug|Any CPU
		{4CD9FE4A-2DA3-4795-A10E-D9DBF74D9266}.Debug|Any CPU.Build.0 = Debug|Any CPU
		{4CD9FE4A-2DA3-4795-A10E-D9DBF74D9266}.Release|Any CPU.ActiveCfg = Release|Any CPU
		{4CD9FE4A-2DA3-4795-A10E-D9DBF74D9266}.Release|Any CPU.Build.0 = Release|Any CPU
	EndGlobalSection
	GlobalSection(SolutionProperties) = preSolution
		HideSolutionNode = FALSE
	EndGlobalSection
	GlobalSection(ExtensibilityGlobals) = postSolution
		SolutionGuid = {809C88DF-7297-4505-ADEF-F6CBEC15F094}
	EndGlobalSection
EndGlobal
