
Microsoft Visual Studio Solution File, Format Version 12.00
# Visual Studio Version 17
VisualStudioVersion = 17.7.34024.191
MinimumVisualStudioVersion = 10.0.40219.1
Project("{FAE04EC0-301F-11D3-BF4B-00C04F79EFBC}") = "T34", "T34\T34.csproj", "{4FC39C85-7384-4227-966D-B9F51897511C}"
EndProject
Project("{FAE04EC0-301F-11D3-BF4B-00C04F79EFBC}") = "test", "test\test.csproj", "{70A8E822-91CD-469B-8B63-38603C4DC7DE}"
EndProject
Global
	GlobalSection(SolutionConfigurationPlatforms) = preSolution
		Debug|Any CPU = Debug|Any CPU
		Release|Any CPU = Release|Any CPU
	EndGlobalSection
	GlobalSection(ProjectConfigurationPlatforms) = postSolution
		{4FC39C85-7384-4227-966D-B9F51897511C}.Debug|Any CPU.ActiveCfg = Debug|Any CPU
		{4FC39C85-7384-4227-966D-B9F51897511C}.Debug|Any CPU.Build.0 = Debug|Any CPU
		{4FC39C85-7384-4227-966D-B9F51897511C}.Release|Any CPU.ActiveCfg = Release|Any CPU
		{4FC39C85-7384-4227-966D-B9F51897511C}.Release|Any CPU.Build.0 = Release|Any CPU
		{70A8E822-91CD-469B-8B63-38603C4DC7DE}.Debug|Any CPU.ActiveCfg = Debug|Any CPU
		{70A8E822-91CD-469B-8B63-38603C4DC7DE}.Debug|Any CPU.Build.0 = Debug|Any CPU
		{70A8E822-91CD-469B-8B63-38603C4DC7DE}.Release|Any CPU.ActiveCfg = Release|Any CPU
		{70A8E822-91CD-469B-8B63-38603C4DC7DE}.Release|Any CPU.Build.0 = Release|Any CPU
	EndGlobalSection
	GlobalSection(SolutionProperties) = preSolution
		HideSolutionNode = FALSE
	EndGlobalSection
	GlobalSection(ExtensibilityGlobals) = postSolution
		SolutionGuid = {7A3DF902-787C-4939-A060-05217AE020C2}
	EndGlobalSection
EndGlobal
