
Microsoft Visual Studio Solution File, Format Version 12.00
# Visual Studio Version 17
VisualStudioVersion = 17.7.34024.191
MinimumVisualStudioVersion = 10.0.40219.1
Project("{FAE04EC0-301F-11D3-BF4B-00C04F79EFBC}") = "T15", "T15\T15.csproj", "{8C2C02B9-6B23-44F2-A0AE-90ED3D8D5310}"
EndProject
Global
	GlobalSection(SolutionConfigurationPlatforms) = preSolution
		Debug|Any CPU = Debug|Any CPU
		Release|Any CPU = Release|Any CPU
	EndGlobalSection
	GlobalSection(ProjectConfigurationPlatforms) = postSolution
		{8C2C02B9-6B23-44F2-A0AE-90ED3D8D5310}.Debug|Any CPU.ActiveCfg = Debug|Any CPU
		{8C2C02B9-6B23-44F2-A0AE-90ED3D8D5310}.Debug|Any CPU.Build.0 = Debug|Any CPU
		{8C2C02B9-6B23-44F2-A0AE-90ED3D8D5310}.Release|Any CPU.ActiveCfg = Release|Any CPU
		{8C2C02B9-6B23-44F2-A0AE-90ED3D8D5310}.Release|Any CPU.Build.0 = Release|Any CPU
	EndGlobalSection
	GlobalSection(SolutionProperties) = preSolution
		HideSolutionNode = FALSE
	EndGlobalSection
	GlobalSection(ExtensibilityGlobals) = postSolution
		SolutionGuid = {4E398B80-0926-47B7-A049-C75401E1CF1A}
	EndGlobalSection
EndGlobal
