
Microsoft Visual Studio Solution File, Format Version 12.00
# Visual Studio Version 17
VisualStudioVersion = 17.7.34024.191
MinimumVisualStudioVersion = 10.0.40219.1
Project("{FAE04EC0-301F-11D3-BF4B-00C04F79EFBC}") = "T5", "T5\T5.csproj", "{A035B49E-FDE2-481C-B82D-AA7973E4E24B}"
EndProject
Global
	GlobalSection(SolutionConfigurationPlatforms) = preSolution
		Debug|Any CPU = Debug|Any CPU
		Release|Any CPU = Release|Any CPU
	EndGlobalSection
	GlobalSection(ProjectConfigurationPlatforms) = postSolution
		{A035B49E-FDE2-481C-B82D-AA7973E4E24B}.Debug|Any CPU.ActiveCfg = Debug|Any CPU
		{A035B49E-FDE2-481C-B82D-AA7973E4E24B}.Debug|Any CPU.Build.0 = Debug|Any CPU
		{A035B49E-FDE2-481C-B82D-AA7973E4E24B}.Release|Any CPU.ActiveCfg = Release|Any CPU
		{A035B49E-FDE2-481C-B82D-AA7973E4E24B}.Release|Any CPU.Build.0 = Release|Any CPU
	EndGlobalSection
	GlobalSection(SolutionProperties) = preSolution
		HideSolutionNode = FALSE
	EndGlobalSection
	GlobalSection(ExtensibilityGlobals) = postSolution
		SolutionGuid = {F36BDB56-7685-4D4E-B0BA-C7CCB4231D87}
	EndGlobalSection
EndGlobal
