
Microsoft Visual Studio Solution File, Format Version 12.00
# Visual Studio Version 17
VisualStudioVersion = 17.7.34024.191
MinimumVisualStudioVersion = 10.0.40219.1
Project("{FAE04EC0-301F-11D3-BF4B-00C04F79EFBC}") = "T7", "T7.csproj", "{946E891D-9903-4D7D-BC2D-CA56BDF22F64}"
EndProject
Global
	GlobalSection(SolutionConfigurationPlatforms) = preSolution
		Debug|Any CPU = Debug|Any CPU
		Release|Any CPU = Release|Any CPU
	EndGlobalSection
	GlobalSection(ProjectConfigurationPlatforms) = postSolution
		{946E891D-9903-4D7D-BC2D-CA56BDF22F64}.Debug|Any CPU.ActiveCfg = Debug|Any CPU
		{946E891D-9903-4D7D-BC2D-CA56BDF22F64}.Debug|Any CPU.Build.0 = Debug|Any CPU
		{946E891D-9903-4D7D-BC2D-CA56BDF22F64}.Release|Any CPU.ActiveCfg = Release|Any CPU
		{946E891D-9903-4D7D-BC2D-CA56BDF22F64}.Release|Any CPU.Build.0 = Release|Any CPU
	EndGlobalSection
	GlobalSection(SolutionProperties) = preSolution
		HideSolutionNode = FALSE
	EndGlobalSection
	GlobalSection(ExtensibilityGlobals) = postSolution
		SolutionGuid = {B75FF565-0E4F-44C9-90E5-9805E45D5EAC}
	EndGlobalSection
EndGlobal
